// !$*UTF8*$!
{
	archiveVersion = 1;
	classes = {
	};
	objectVersion = 50;
	objects = {

/* Begin PBXBuildFile section */
		391E6D6627AEEE7600188526 /* AppDelegate.swift in Sources */ = {isa = PBXBuildFile; fileRef = 391E6D6527AEEE7600188526 /* AppDelegate.swift */; };
		391E6D6827AEEE7600188526 /* SceneDelegate.swift in Sources */ = {isa = PBXBuildFile; fileRef = 391E6D6727AEEE7600188526 /* SceneDelegate.swift */; };
		391E6D6A27AEEE7600188526 /* ViewController.swift in Sources */ = {isa = PBXBuildFile; fileRef = 391E6D6927AEEE7600188526 /* ViewController.swift */; };
		391E6D6D27AEEE7600188526 /* Main.storyboard in Resources */ = {isa = PBXBuildFile; fileRef = 391E6D6B27AEEE7600188526 /* Main.storyboard */; };
		391E6D6F27AEEE7700188526 /* Assets.xcassets in Resources */ = {isa = PBXBuildFile; fileRef = 391E6D6E27AEEE7700188526 /* Assets.xcassets */; };
		391E6D7227AEEE7700188526 /* LaunchScreen.storyboard in Resources */ = {isa = PBXBuildFile; fileRef = 391E6D7027AEEE7700188526 /* LaunchScreen.storyboard */; };
		391E6D7D27AEEE7700188526 /* Lab2Tests.swift in Sources */ = {isa = PBXBuildFile; fileRef = 391E6D7C27AEEE7700188526 /* Lab2Tests.swift */; };
		391E6D8827AEEE7700188526 /* Lab2UITests.swift in Sources */ = {isa = PBXBuildFile; fileRef = 391E6D8727AEEE7700188526 /* Lab2UITests.swift */; };
/* End PBXBuildFile section */

/* Begin PBXContainerItemProxy section */
		391E6D7927AEEE7700188526 /* PBXContainerItemProxy */ = {
			isa = PBXContainerItemProxy;
			containerPortal = 391E6D5A27AEEE7600188526 /* Project object */;
			proxyType = 1;
			remoteGlobalIDString = 391E6D6127AEEE7600188526;
			remoteInfo = Lab2;
		};
		391E6D8427AEEE7700188526 /* PBXContainerItemProxy */ = {
			isa = PBXContainerItemProxy;
			containerPortal = 391E6D5A27AEEE7600188526 /* Project object */;
			proxyType = 1;
			remoteGlobalIDString = 391E6D6127AEEE7600188526;
			remoteInfo = Lab2;
		};
/* End PBXContainerItemProxy section */

/* Begin PBXFileReference section */
		391E6D6227AEEE7600188526 /* Lab2.app */ = {isa = PBXFileReference; explicitFileType = wrapper.application; includeInIndex = 0; path = Lab2.app; sourceTree = BUILT_PRODUCTS_DIR; };
		391E6D6527AEEE7600188526 /* AppDelegate.swift */ = {isa = PBXFileReference; lastKnownFileType = sourcecode.swift; path = AppDelegate.swift; sourceTree = "<group>"; };
		391E6D6727AEEE7600188526 /* SceneDelegate.swift */ = {isa = PBXFileReference; lastKnownFileType = sourcecode.swift; path = SceneDelegate.swift; sourceTree = "<group>"; };
		391E6D6927AEEE7600188526 /* ViewController.swift */ = {isa = PBXFileReference; lastKnownFileType = sourcecode.swift; path = ViewController.swift; sourceTree = "<group>"; };
		391E6D6C27AEEE7600188526 /* Base */ = {isa = PBXFileReference; lastKnownFileType = file.storyboard; name = Base; path = Base.lproj/Main.storyboard; sourceTree = "<group>"; };
		391E6D6E27AEEE7700188526 /* Assets.xcassets */ = {isa = PBXFileReference; lastKnownFileType = folder.assetcatalog; path = Assets.xcassets; sourceTree = "<group>"; };
		391E6D7127AEEE7700188526 /* Base */ = {isa = PBXFileReference; lastKnownFileType = file.storyboard; name = Base; path = Base.lproj/LaunchScreen.storyboard; sourceTree = "<group>"; };
		391E6D7327AEEE7700188526 /* Info.plist */ = {isa = PBXFileReference; lastKnownFileType = text.plist.xml; path = Info.plist; sourceTree = "<group>"; };
		391E6D7827AEEE7700188526 /* Lab2Tests.xctest */ = {isa = PBXFileReference; explicitFileType = wrapper.cfbundle; includeInIndex = 0; path = Lab2Tests.xctest; sourceTree = BUILT_PRODUCTS_DIR; };
		391E6D7C27AEEE7700188526 /* Lab2Tests.swift */ = {isa = PBXFileReference; lastKnownFileType = sourcecode.swift; path = Lab2Tests.swift; sourceTree = "<group>"; };
		391E6D7E27AEEE7700188526 /* Info.plist */ = {isa = PBXFileReference; lastKnownFileType = text.plist.xml; path = Info.plist; sourceTree = "<group>"; };
		391E6D8327AEEE7700188526 /* Lab2UITests.xctest */ = {isa = PBXFileReference; explicitFileType = wrapper.cfbundle; includeInIndex = 0; path = Lab2UITests.xctest; sourceTree = BUILT_PRODUCTS_DIR; };
		391E6D8727AEEE7700188526 /* Lab2UITests.swift */ = {isa = PBXFileReference; lastKnownFileType = sourcecode.swift; path = Lab2UITests.swift; sourceTree = "<group>"; };
		391E6D8927AEEE7800188526 /* Info.plist */ = {isa = PBXFileReference; lastKnownFileType = text.plist.xml; path = Info.plist; sourceTree = "<group>"; };
/* End PBXFileReference section */

/* Begin PBXFrameworksBuildPhase section */
		391E6D5F27AEEE7600188526 /* Frameworks */ = {
			isa = PBXFrameworksBuildPhase;
			buildActionMask = 2147483647;
			files = (
			);
			runOnlyForDeploymentPostprocessing = 0;
		};
		391E6D7527AEEE7700188526 /* Frameworks */ = {
			isa = PBXFrameworksBuildPhase;
			buildActionMask = 2147483647;
			files = (
			);
			runOnlyForDeploymentPostprocessing = 0;
		};
		391E6D8027AEEE7700188526 /* Frameworks */ = {
			isa = PBXFrameworksBuildPhase;
			buildActionMask = 2147483647;
			files = (
			);
			runOnlyForDeploymentPostprocessing = 0;
		};
/* End PBXFrameworksBuildPhase section */

/* Begin PBXGroup section */
		391E6D5927AEEE7600188526 = {
			isa = PBXGroup;
			children = (
				391E6D6427AEEE7600188526 /* Lab2 */,
				391E6D7B27AEEE7700188526 /* Lab2Tests */,
				391E6D8627AEEE7700188526 /* Lab2UITests */,
				391E6D6327AEEE7600188526 /* Products */,
			);
			sourceTree = "<group>";
		};
		391E6D6327AEEE7600188526 /* Products */ = {
			isa = PBXGroup;
			children = (
				391E6D6227AEEE7600188526 /* Lab2.app */,
				391E6D7827AEEE7700188526 /* Lab2Tests.xctest */,
				391E6D8327AEEE7700188526 /* Lab2UITests.xctest */,
			);
			name = Products;
			sourceTree = "<group>";
		};
		391E6D6427AEEE7600188526 /* Lab2 */ = {
			isa = PBXGroup;
			children = (
				391E6D6527AEEE7600188526 /* AppDelegate.swift */,
				391E6D6727AEEE7600188526 /* SceneDelegate.swift */,
				391E6D6927AEEE7600188526 /* ViewController.swift */,
				391E6D6B27AEEE7600188526 /* Main.storyboard */,
				391E6D6E27AEEE7700188526 /* Assets.xcassets */,
				391E6D7027AEEE7700188526 /* LaunchScreen.storyboard */,
				391E6D7327AEEE7700188526 /* Info.plist */,
			);
			path = Lab2;
			sourceTree = "<group>";
		};
		391E6D7B27AEEE7700188526 /* Lab2Tests */ = {
			isa = PBXGroup;
			children = (
				391E6D7C27AEEE7700188526 /* Lab2Tests.swift */,
				391E6D7E27AEEE7700188526 /* Info.plist */,
			);
			path = Lab2Tests;
			sourceTree = "<group>";
		};
		391E6D8627AEEE7700188526 /* Lab2UITests */ = {
			isa = PBXGroup;
			children = (
				391E6D8727AEEE7700188526 /* Lab2UITests.swift */,
				391E6D8927AEEE7800188526 /* Info.plist */,
			);
			path = Lab2UITests;
			sourceTree = "<group>";
		};
/* End PBXGroup section */

/* Begin PBXNativeTarget section */
		391E6D6127AEEE7600188526 /* Lab2 */ = {
			isa = PBXNativeTarget;
			buildConfigurationList = 391E6D8C27AEEE7800188526 /* Build configuration list for PBXNativeTarget "Lab2" */;
			buildPhases = (
				391E6D5E27AEEE7600188526 /* Sources */,
				391E6D5F27AEEE7600188526 /* Frameworks */,
				391E6D6027AEEE7600188526 /* Resources */,
			);
			buildRules = (
			);
			dependencies = (
			);
			name = Lab2;
			productName = Lab2;
			productReference = 391E6D6227AEEE7600188526 /* Lab2.app */;
			productType = "com.apple.product-type.application";
		};
		391E6D7727AEEE7700188526 /* Lab2Tests */ = {
			isa = PBXNativeTarget;
			buildConfigurationList = 391E6D8F27AEEE7800188526 /* Build configuration list for PBXNativeTarget "Lab2Tests" */;
			buildPhases = (
				391E6D7427AEEE7700188526 /* Sources */,
				391E6D7527AEEE7700188526 /* Frameworks */,
				391E6D7627AEEE7700188526 /* Resources */,
			);
			buildRules = (
			);
			dependencies = (
				391E6D7A27AEEE7700188526 /* PBXTargetDependency */,
			);
			name = Lab2Tests;
			productName = Lab2Tests;
			productReference = 391E6D7827AEEE7700188526 /* Lab2Tests.xctest */;
			productType = "com.apple.product-type.bundle.unit-test";
		};
		391E6D8227AEEE7700188526 /* Lab2UITests */ = {
			isa = PBXNativeTarget;
			buildConfigurationList = 391E6D9227AEEE7800188526 /* Build configuration list for PBXNativeTarget "Lab2UITests" */;
			buildPhases = (
				391E6D7F27AEEE7700188526 /* Sources */,
				391E6D8027AEEE7700188526 /* Frameworks */,
				391E6D8127AEEE7700188526 /* Resources */,
			);
			buildRules = (
			);
			dependencies = (
				391E6D8527AEEE7700188526 /* PBXTargetDependency */,
			);
			name = Lab2UITests;
			productName = Lab2UITests;
			productReference = 391E6D8327AEEE7700188526 /* Lab2UITests.xctest */;
			productType = "com.apple.product-type.bundle.ui-testing";
		};
/* End PBXNativeTarget section */

/* Begin PBXProject section */
		391E6D5A27AEEE7600188526 /* Project object */ = {
			isa = PBXProject;
			attributes = {
				LastSwiftUpdateCheck = 1240;
				LastUpgradeCheck = 1240;
				TargetAttributes = {
					391E6D6127AEEE7600188526 = {
						CreatedOnToolsVersion = 12.4;
					};
					391E6D7727AEEE7700188526 = {
						CreatedOnToolsVersion = 12.4;
						TestTargetID = 391E6D6127AEEE7600188526;
					};
					391E6D8227AEEE7700188526 = {
						CreatedOnToolsVersion = 12.4;
						TestTargetID = 391E6D6127AEEE7600188526;
					};
				};
			};
			buildConfigurationList = 391E6D5D27AEEE7600188526 /* Build configuration list for PBXProject "Lab2" */;
			compatibilityVersion = "Xcode 9.3";
			developmentRegion = en;
			hasScannedForEncodings = 0;
			knownRegions = (
				en,
				Base,
			);
			mainGroup = 391E6D5927AEEE7600188526;
			productRefGroup = 391E6D6327AEEE7600188526 /* Products */;
			projectDirPath = "";
			projectRoot = "";
			targets = (
				391E6D6127AEEE7600188526 /* Lab2 */,
				391E6D7727AEEE7700188526 /* Lab2Tests */,
				391E6D8227AEEE7700188526 /* Lab2UITests */,
			);
		};
/* End PBXProject section */

/* Begin PBXResourcesBuildPhase section */
		391E6D6027AEEE7600188526 /* Resources */ = {
			isa = PBXResourcesBuildPhase;
			buildActionMask = 2147483647;
			files = (
				391E6D7227AEEE7700188526 /* LaunchScreen.storyboard in Resources */,
				391E6D6F27AEEE7700188526 /* Assets.xcassets in Resources */,
				391E6D6D27AEEE7600188526 /* Main.storyboard in Resources */,
			);
			runOnlyForDeploymentPostprocessing = 0;
		};
		391E6D7627AEEE7700188526 /* Resources */ = {
			isa = PBXResourcesBuildPhase;
			buildActionMask = 2147483647;
			files = (
			);
			runOnlyForDeploymentPostprocessing = 0;
		};
		391E6D8127AEEE7700188526 /* Resources */ = {
			isa = PBXResourcesBuildPhase;
			buildActionMask = 2147483647;
			files = (
			);
			runOnlyForDeploymentPostprocessing = 0;
		};
/* End PBXResourcesBuildPhase section */

/* Begin PBXSourcesBuildPhase section */
		391E6D5E27AEEE7600188526 /* Sources */ = {
			isa = PBXSourcesBuildPhase;
			buildActionMask = 2147483647;
			files = (
				391E6D6A27AEEE7600188526 /* ViewController.swift in Sources */,
				391E6D6627AEEE7600188526 /* AppDelegate.swift in Sources */,
				391E6D6827AEEE7600188526 /* SceneDelegate.swift in Sources */,
			);
			runOnlyForDeploymentPostprocessing = 0;
		};
		391E6D7427AEEE7700188526 /* Sources */ = {
			isa = PBXSourcesBuildPhase;
			buildActionMask = 2147483647;
			files = (
				391E6D7D27AEEE7700188526 /* Lab2Tests.swift in Sources */,
			);
			runOnlyForDeploymentPostprocessing = 0;
		};
		391E6D7F27AEEE7700188526 /* Sources */ = {
			isa = PBXSourcesBuildPhase;
			buildActionMask = 2147483647;
			files = (
				391E6D8827AEEE7700188526 /* Lab2UITests.swift in Sources */,
			);
			runOnlyForDeploymentPostprocessing = 0;
		};
/* End PBXSourcesBuildPhase section */

/* Begin PBXTargetDependency section */
		391E6D7A27AEEE7700188526 /* PBXTargetDependency */ = {
			isa = PBXTargetDependency;
			target = 391E6D6127AEEE7600188526 /* Lab2 */;
			targetProxy = 391E6D7927AEEE7700188526 /* PBXContainerItemProxy */;
		};
		391E6D8527AEEE7700188526 /* PBXTargetDependency */ = {
			isa = PBXTargetDependency;
			target = 391E6D6127AEEE7600188526 /* Lab2 */;
			targetProxy = 391E6D8427AEEE7700188526 /* PBXContainerItemProxy */;
		};
/* End PBXTargetDependency section */

/* Begin PBXVariantGroup section */
		391E6D6B27AEEE7600188526 /* Main.storyboard */ = {
			isa = PBXVariantGroup;
			children = (
				391E6D6C27AEEE7600188526 /* Base */,
			);
			name = Main.storyboard;
			sourceTree = "<group>";
		};
		391E6D7027AEEE7700188526 /* LaunchScreen.storyboard */ = {
			isa = PBXVariantGroup;
			children = (
				391E6D7127AEEE7700188526 /* Base */,
			);
			name = LaunchScreen.storyboard;
			sourceTree = "<group>";
		};
/* End PBXVariantGroup section */

/* Begin XCBuildConfiguration section */
		391E6D8A27AEEE7800188526 /* Debug */ = {
			isa = XCBuildConfiguration;
			buildSettings = {
				ALWAYS_SEARCH_USER_PATHS = NO;
				CLANG_ANALYZER_NONNULL = YES;
				CLANG_ANALYZER_NUMBER_OBJECT_CONVERSION = YES_AGGRESSIVE;
				CLANG_CXX_LANGUAGE_STANDARD = "gnu++14";
				CLANG_CXX_LIBRARY = "libc++";
				CLANG_ENABLE_MODULES = YES;
				CLANG_ENABLE_OBJC_ARC = YES;
				CLANG_ENABLE_OBJC_WEAK = YES;
				CLANG_WARN_BLOCK_CAPTURE_AUTORELEASING = YES;
				CLANG_WARN_BOOL_CONVERSION = YES;
				CLANG_WARN_COMMA = YES;
				CLANG_WARN_CONSTANT_CONVERSION = YES;
				CLANG_WARN_DEPRECATED_OBJC_IMPLEMENTATIONS = YES;
				CLANG_WARN_DIRECT_OBJC_ISA_USAGE = YES_ERROR;
				CLANG_WARN_DOCUMENTATION_COMMENTS = YES;
				CLANG_WARN_EMPTY_BODY = YES;
				CLANG_WARN_ENUM_CONVERSION = YES;
				CLANG_WARN_INFINITE_RECURSION = YES;
				CLANG_WARN_INT_CONVERSION = YES;
				CLANG_WARN_NON_LITERAL_NULL_CONVERSION = YES;
				CLANG_WARN_OBJC_IMPLICIT_RETAIN_SELF = YES;
				CLANG_WARN_OBJC_LITERAL_CONVERSION = YES;
				CLANG_WARN_OBJC_ROOT_CLASS = YES_ERROR;
				CLANG_WARN_QUOTED_INCLUDE_IN_FRAMEWORK_HEADER = YES;
				CLANG_WARN_RANGE_LOOP_ANALYSIS = YES;
				CLANG_WARN_STRICT_PROTOTYPES = YES;
				CLANG_WARN_SUSPICIOUS_MOVE = YES;
				CLANG_WARN_UNGUARDED_AVAILABILITY = YES_AGGRESSIVE;
				CLANG_WARN_UNREACHABLE_CODE = YES;
				CLANG_WARN__DUPLICATE_METHOD_MATCH = YES;
				COPY_PHASE_STRIP = NO;
				DEBUG_INFORMATION_FORMAT = dwarf;
				ENABLE_STRICT_OBJC_MSGSEND = YES;
				ENABLE_TESTABILITY = YES;
				GCC_C_LANGUAGE_STANDARD = gnu11;
				GCC_DYNAMIC_NO_PIC = NO;
				GCC_NO_COMMON_BLOCKS = YES;
				GCC_OPTIMIZATION_LEVEL = 0;
				GCC_PREPROCESSOR_DEFINITIONS = (
					"DEBUG=1",
					"$(inherited)",
				);
				GCC_WARN_64_TO_32_BIT_CONVERSION = YES;
				GCC_WARN_ABOUT_RETURN_TYPE = YES_ERROR;
				GCC_WARN_UNDECLARED_SELECTOR = YES;
				GCC_WARN_UNINITIALIZED_AUTOS = YES_AGGRESSIVE;
				GCC_WARN_UNUSED_FUNCTION = YES;
				GCC_WARN_UNUSED_VARIABLE = YES;
				IPHONEOS_DEPLOYMENT_TARGET = 14.4;
				MTL_ENABLE_DEBUG_INFO = INCLUDE_SOURCE;
				MTL_FAST_MATH = YES;
				ONLY_ACTIVE_ARCH = YES;
				SDKROOT = iphoneos;
				SWIFT_ACTIVE_COMPILATION_CONDITIONS = DEBUG;
				SWIFT_OPTIMIZATION_LEVEL = "-Onone";
			};
			name = Debug;
		};
		391E6D8B27AEEE7800188526 /* Release */ = {
			isa = XCBuildConfiguration;
			buildSettings = {
				ALWAYS_SEARCH_USER_PATHS = NO;
				CLANG_ANALYZER_NONNULL = YES;
				CLANG_ANALYZER_NUMBER_OBJECT_CONVERSION = YES_AGGRESSIVE;
				CLANG_CXX_LANGUAGE_STANDARD = "gnu++14";
				CLANG_CXX_LIBRARY = "libc++";
				CLANG_ENABLE_MODULES = YES;
				CLANG_ENABLE_OBJC_ARC = YES;
				CLANG_ENABLE_OBJC_WEAK = YES;
				CLANG_WARN_BLOCK_CAPTURE_AUTORELEASING = YES;
				CLANG_WARN_BOOL_CONVERSION = YES;
				CLANG_WARN_COMMA = YES;
				CLANG_WARN_CONSTANT_CONVERSION = YES;
				CLANG_WARN_DEPRECATED_OBJC_IMPLEMENTATIONS = YES;
				CLANG_WARN_DIRECT_OBJC_ISA_USAGE = YES_ERROR;
				CLANG_WARN_DOCUMENTATION_COMMENTS = YES;
				CLANG_WARN_EMPTY_BODY = YES;
				CLANG_WARN_ENUM_CONVERSION = YES;
				CLANG_WARN_INFINITE_RECURSION = YES;
				CLANG_WARN_INT_CONVERSION = YES;
				CLANG_WARN_NON_LITERAL_NULL_CONVERSION = YES;
				CLANG_WARN_OBJC_IMPLICIT_RETAIN_SELF = YES;
				CLANG_WARN_OBJC_LITERAL_CONVERSION = YES;
				CLANG_WARN_OBJC_ROOT_CLASS = YES_ERROR;
				CLANG_WARN_QUOTED_INCLUDE_IN_FRAMEWORK_HEADER = YES;
				CLANG_WARN_RANGE_LOOP_ANALYSIS = YES;
				CLANG_WARN_STRICT_PROTOTYPES = YES;
				CLANG_WARN_SUSPICIOUS_MOVE = YES;
				CLANG_WARN_UNGUARDED_AVAILABILITY = YES_AGGRESSIVE;
				CLANG_WARN_UNREACHABLE_CODE = YES;
				CLANG_WARN__DUPLICATE_METHOD_MATCH = YES;
				COPY_PHASE_STRIP = NO;
				DEBUG_INFORMATION_FORMAT = "dwarf-with-dsym";
				ENABLE_NS_ASSERTIONS = NO;
				ENABLE_STRICT_OBJC_MSGSEND = YES;
				GCC_C_LANGUAGE_STANDARD = gnu11;
				GCC_NO_COMMON_BLOCKS = YES;
				GCC_WARN_64_TO_32_BIT_CONVERSION = YES;
				GCC_WARN_ABOUT_RETURN_TYPE = YES_ERROR;
				GCC_WARN_UNDECLARED_SELECTOR = YES;
				GCC_WARN_UNINITIALIZED_AUTOS = YES_AGGRESSIVE;
				GCC_WARN_UNUSED_FUNCTION = YES;
				GCC_WARN_UNUSED_VARIABLE = YES;
				IPHONEOS_DEPLOYMENT_TARGET = 14.4;
				MTL_ENABLE_DEBUG_INFO = NO;
				MTL_FAST_MATH = YES;
				SDKROOT = iphoneos;
				SWIFT_COMPILATION_MODE = wholemodule;
				SWIFT_OPTIMIZATION_LEVEL = "-O";
				VALIDATE_PRODUCT = YES;
			};
			name = Release;
		};
		391E6D8D27AEEE7800188526 /* Debug */ = {
			isa = XCBuildConfiguration;
			buildSettings = {
				ASSETCATALOG_COMPILER_APPICON_NAME = AppIcon;
				ASSETCATALOG_COMPILER_GLOBAL_ACCENT_COLOR_NAME = AccentColor;
				CODE_SIGN_STYLE = Automatic;
				DEVELOPMENT_TEAM = 67SBLZFXM9;
				INFOPLIST_FILE = Lab2/Info.plist;
				LD_RUNPATH_SEARCH_PATHS = (
					"$(inherited)",
					"@executable_path/Frameworks",
				);
				PRODUCT_BUNDLE_IDENTIFIER = Conestoga.Lab2;
				PRODUCT_NAME = "$(TARGET_NAME)";
				SWIFT_VERSION = 5.0;
				TARGETED_DEVICE_FAMILY = "1,2";
			};
			name = Debug;
		};
		391E6D8E27AEEE7800188526 /* Release */ = {
			isa = XCBuildConfiguration;
			buildSettings = {
				ASSETCATALOG_COMPILER_APPICON_NAME = AppIcon;
				ASSETCATALOG_COMPILER_GLOBAL_ACCENT_COLOR_NAME = AccentColor;
				CODE_SIGN_STYLE = Automatic;
				DEVELOPMENT_TEAM = 67SBLZFXM9;
				INFOPLIST_FILE = Lab2/Info.plist;
				LD_RUNPATH_SEARCH_PATHS = (
					"$(inherited)",
					"@executable_path/Frameworks",
				);
				PRODUCT_BUNDLE_IDENTIFIER = Conestoga.Lab2;
				PRODUCT_NAME = "$(TARGET_NAME)";
				SWIFT_VERSION = 5.0;
				TARGETED_DEVICE_FAMILY = "1,2";
			};
			name = Release;
		};
		391E6D9027AEEE7800188526 /* Debug */ = {
			isa = XCBuildConfiguration;
			buildSettings = {
				ALWAYS_EMBED_SWIFT_STANDARD_LIBRARIES = YES;
				BUNDLE_LOADER = "$(TEST_HOST)";
				CODE_SIGN_STYLE = Automatic;
				DEVELOPMENT_TEAM = 67SBLZFXM9;
				INFOPLIST_FILE = Lab2Tests/Info.plist;
				IPHONEOS_DEPLOYMENT_TARGET = 14.4;
				LD_RUNPATH_SEARCH_PATHS = (
					"$(inherited)",
					"@executable_path/Frameworks",
					"@loader_path/Frameworks",
				);
				PRODUCT_BUNDLE_IDENTIFIER = Conestoga.Lab2Tests;
				PRODUCT_NAME = "$(TARGET_NAME)";
				SWIFT_VERSION = 5.0;
				TARGETED_DEVICE_FAMILY = "1,2";
				TEST_HOST = "$(BUILT_PRODUCTS_DIR)/Lab2.app/Lab2";
			};
			name = Debug;
		};
		391E6D9127AEEE7800188526 /* Release */ = {
			isa = XCBuildConfiguration;
			buildSettings = {
				ALWAYS_EMBED_SWIFT_STANDARD_LIBRARIES = YES;
				BUNDLE_LOADER = "$(TEST_HOST)";
				CODE_SIGN_STYLE = Automatic;
				DEVELOPMENT_TEAM = 67SBLZFXM9;
				INFOPLIST_FILE = Lab2Tests/Info.plist;
				IPHONEOS_DEPLOYMENT_TARGET = 14.4;
				LD_RUNPATH_SEARCH_PATHS = (
					"$(inherited)",
					"@executable_path/Frameworks",
					"@loader_path/Frameworks",
				);
				PRODUCT_BUNDLE_IDENTIFIER = Conestoga.Lab2Tests;
				PRODUCT_NAME = "$(TARGET_NAME)";
				SWIFT_VERSION = 5.0;
				TARGETED_DEVICE_FAMILY = "1,2";
				TEST_HOST = "$(BUILT_PRODUCTS_DIR)/Lab2.app/Lab2";
			};
			name = Release;
		};
		391E6D9327AEEE7800188526 /* Debug */ = {
			isa = XCBuildConfiguration;
			buildSettings = {
				ALWAYS_EMBED_SWIFT_STANDARD_LIBRARIES = YES;
				CODE_SIGN_STYLE = Automatic;
				DEVELOPMENT_TEAM = 67SBLZFXM9;
				INFOPLIST_FILE = Lab2UITests/Info.plist;
				LD_RUNPATH_SEARCH_PATHS = (
					"$(inherited)",
					"@executable_path/Frameworks",
					"@loader_path/Frameworks",
				);
				PRODUCT_BUNDLE_IDENTIFIER = Conestoga.Lab2UITests;
				PRODUCT_NAME = "$(TARGET_NAME)";
				SWIFT_VERSION = 5.0;
				TARGETED_DEVICE_FAMILY = "1,2";
				TEST_TARGET_NAME = Lab2;
			};
			name = Debug;
		};
		391E6D9427AEEE7800188526 /* Release */ = {
			isa = XCBuildConfiguration;
			buildSettings = {
				ALWAYS_EMBED_SWIFT_STANDARD_LIBRARIES = YES;
				CODE_SIGN_STYLE = Automatic;
				DEVELOPMENT_TEAM = 67SBLZFXM9;
				INFOPLIST_FILE = Lab2UITests/Info.plist;
				LD_RUNPATH_SEARCH_PATHS = (
					"$(inherited)",
					"@executable_path/Frameworks",
					"@loader_path/Frameworks",
				);
				PRODUCT_BUNDLE_IDENTIFIER = Conestoga.Lab2UITests;
				PRODUCT_NAME = "$(TARGET_NAME)";
				SWIFT_VERSION = 5.0;
				TARGETED_DEVICE_FAMILY = "1,2";
				TEST_TARGET_NAME = Lab2;
			};
			name = Release;
		};
/* End XCBuildConfiguration section */

/* Begin XCConfigurationList section */
		391E6D5D27AEEE7600188526 /* Build configuration list for PBXProject "Lab2" */ = {
			isa = XCConfigurationList;
			buildConfigurations = (
				391E6D8A27AEEE7800188526 /* Debug */,
				391E6D8B27AEEE7800188526 /* Release */,
			);
			defaultConfigurationIsVisible = 0;
			defaultConfigurationName = Release;
		};
		391E6D8C27AEEE7800188526 /* Build configuration list for PBXNativeTarget "Lab2" */ = {
			isa = XCConfigurationList;
			buildConfigurations = (
				391E6D8D27AEEE7800188526 /* Debug */,
				391E6D8E27AEEE7800188526 /* Release */,
			);
			defaultConfigurationIsVisible = 0;
			defaultConfigurationName = Release;
		};
		391E6D8F27AEEE7800188526 /* Build configuration list for PBXNativeTarget "Lab2Tests" */ = {
			isa = XCConfigurationList;
			buildConfigurations = (
				391E6D9027AEEE7800188526 /* Debug */,
				391E6D9127AEEE7800188526 /* Release */,
			);
			defaultConfigurationIsVisible = 0;
			defaultConfigurationName = Release;
		};
		391E6D9227AEEE7800188526 /* Build configuration list for PBXNativeTarget "Lab2UITests" */ = {
			isa = XCConfigurationList;
			buildConfigurations = (
				391E6D9327AEEE7800188526 /* Debug */,
				391E6D9427AEEE7800188526 /* Release */,
			);
			defaultConfigurationIsVisible = 0;
			defaultConfigurationName = Release;
		};
/* End XCConfigurationList section */
	};
	rootObject = 391E6D5A27AEEE7600188526 /* Project object */;
}
